
Microsoft Visual Studio Solution File, Format Version 12.00
# Visual Studio 15
VisualStudioVersion = 15.0.27428.1
MinimumVisualStudioVersion = 10.0.40219.1
Project("{FAE04EC0-301F-11D3-BF4B-00C04F79EFBC}") = "Microsoft.Operations.CSP.RegSys", "Microsoft.Operations.CSP.RegSys.csproj", "{0659CDEE-CCC7-4AF6-9C29-D59D13BA4746}"
EndProject
Project("{FAE04EC0-301F-11D3-BF4B-00C04F79EFBC}") = "Microsoft.Operations.v2016", "..\..\..\..\CommonCodeLibrary\Microsoft.Operations.v2016\Microsoft.Operations.v2016.csproj", "{D2829529-0AC5-4A89-AF53-FF53B0356B3E}"
EndProject
Project("{FAE04EC0-301F-11D3-BF4B-00C04F79EFBC}") = "Microsoft.Operations.CSP.RegSys.Emailer", "..\Microsoft.Operations.CSP.RegSys.Emailer\Microsoft.Operations.CSP.RegSys.Emailer.csproj", "{D3FA37C5-AD36-4E8C-8DE2-F77E0E9DCE49}"
EndProject
Project("{2150E333-8FDC-42A3-9474-1A3956D46DE8}") = "Solution Items", "Solution Items", "{EAA31348-A8B1-492E-B1BC-2FC270B0CDDD}"
EndProject
Global
	GlobalSection(SolutionConfigurationPlatforms) = preSolution
		Debug|Any CPU = Debug|Any CPU
		Release|Any CPU = Release|Any CPU
	EndGlobalSection
	GlobalSection(ProjectConfigurationPlatforms) = postSolution
		{0659CDEE-CCC7-4AF6-9C29-D59D13BA4746}.Debug|Any CPU.ActiveCfg = Debug|Any CPU
		{0659CDEE-CCC7-4AF6-9C29-D59D13BA4746}.Debug|Any CPU.Build.0 = Debug|Any CPU
		{0659CDEE-CCC7-4AF6-9C29-D59D13BA4746}.Release|Any CPU.ActiveCfg = Release|Any CPU
		{0659CDEE-CCC7-4AF6-9C29-D59D13BA4746}.Release|Any CPU.Build.0 = Release|Any CPU
		{D2829529-0AC5-4A89-AF53-FF53B0356B3E}.Debug|Any CPU.ActiveCfg = Debug|Any CPU
		{D2829529-0AC5-4A89-AF53-FF53B0356B3E}.Debug|Any CPU.Build.0 = Debug|Any CPU
		{D2829529-0AC5-4A89-AF53-FF53B0356B3E}.Release|Any CPU.ActiveCfg = Release|Any CPU
		{D2829529-0AC5-4A89-AF53-FF53B0356B3E}.Release|Any CPU.Build.0 = Release|Any CPU
		{D3FA37C5-AD36-4E8C-8DE2-F77E0E9DCE49}.Debug|Any CPU.ActiveCfg = Debug|Any CPU
		{D3FA37C5-AD36-4E8C-8DE2-F77E0E9DCE49}.Debug|Any CPU.Build.0 = Debug|Any CPU
		{D3FA37C5-AD36-4E8C-8DE2-F77E0E9DCE49}.Release|Any CPU.ActiveCfg = Release|Any CPU
		{D3FA37C5-AD36-4E8C-8DE2-F77E0E9DCE49}.Release|Any CPU.Build.0 = Release|Any CPU
	EndGlobalSection
	GlobalSection(SolutionProperties) = preSolution
		HideSolutionNode = FALSE
	EndGlobalSection
	GlobalSection(ExtensibilityGlobals) = postSolution
		SolutionGuid = {9509155D-3657-444B-AF8F-16EC5BF8DAFB}
	EndGlobalSection
	GlobalSection(TeamFoundationVersionControl) = preSolution
		SccNumberOfProjects = 4
		SccEnterpriseProvider = {4CA58AB2-18FA-4F8D-95D4-32DDF27D184C}
		SccTeamFoundationServer = http://vstfpg07:8080/tfs/operations
		SccLocalPath0 = .
		SccProjectUniqueName1 = ..\\..\\..\\..\\CommonCodeLibrary\\Microsoft.Operations.v2016\\Microsoft.Operations.v2016.csproj
		SccProjectName1 = ../../CommonCodeLibrary/Microsoft.Operations.v2016
		SccLocalPath1 = ..\\..\\..\\..\\CommonCodeLibrary\\Microsoft.Operations.v2016
		SccProjectUniqueName2 = ..\\Microsoft.Operations.CSP.RegSys.Emailer\\Microsoft.Operations.CSP.RegSys.Emailer.csproj
		SccProjectName2 = ../Microsoft.Operations.CSP.RegSys.Emailer
		SccLocalPath2 = ..\\Microsoft.Operations.CSP.RegSys.Emailer
		SccProjectUniqueName3 = Microsoft.Operations.CSP.RegSys.csproj
		SccLocalPath3 = .
	EndGlobalSection
EndGlobal
